
Microsoft Visual Studio Solution File, Format Version 12.00
# Visual Studio Version 17
VisualStudioVersion = 17.10.35122.118
MinimumVisualStudioVersion = 10.0.40219.1
Project("{FAE04EC0-301F-11D3-BF4B-00C04F79EFBC}") = "ElectronicDataApp", "ElectronicDataApp\ElectronicDataApp.csproj", "{07FCD6C9-F469-4BB4-856A-5863F4917109}"
EndProject
Global
	GlobalSection(SolutionConfigurationPlatforms) = preSolution
		Debug|Any CPU = Debug|Any CPU
		Release|Any CPU = Release|Any CPU
	EndGlobalSection
	GlobalSection(ProjectConfigurationPlatforms) = postSolution
		{07FCD6C9-F469-4BB4-856A-5863F4917109}.Debug|Any CPU.ActiveCfg = Debug|Any CPU
		{07FCD6C9-F469-4BB4-856A-5863F4917109}.Debug|Any CPU.Build.0 = Debug|Any CPU
		{07FCD6C9-F469-4BB4-856A-5863F4917109}.Release|Any CPU.ActiveCfg = Release|Any CPU
		{07FCD6C9-F469-4BB4-856A-5863F4917109}.Release|Any CPU.Build.0 = Release|Any CPU
	EndGlobalSection
	GlobalSection(SolutionProperties) = preSolution
		HideSolutionNode = FALSE
	EndGlobalSection
	GlobalSection(ExtensibilityGlobals) = postSolution
		SolutionGuid = {D5C144BA-D8AD-456E-AD52-3E6F741155FE}
	EndGlobalSection
EndGlobal
